<?xml version="1.0" encoding="utf-8"?>
<Project ToolsVersion="4.0" xmlns="http://schemas.microsoft.com/developer/msbuild/2003">
  <ItemGroup>
    <Filter Include="Cobble">
      <UniqueIdentifier>{2CB338AC-1855-6382-0110-77D6ED50EAD2}</UniqueIdentifier>
    </Filter>
    <Filter Include="Cobble\Events">
      <UniqueIdentifier>{9095D72B-FC55-5362-C590-9CDF3110983E}</UniqueIdentifier>
    </Filter>
    <Filter Include="Cobble\Main">
      <UniqueIdentifier>{20F2C104-8CA7-3AFA-159C-34D1815031FE}</UniqueIdentifier>
    </Filter>
    <Filter Include="Cobble\imGuiLayer">
      <UniqueIdentifier>{73CAD199-DFE0-CF2F-2858-5B5194ADA0B7}</UniqueIdentifier>
    </Filter>
    <Filter Include="Platform">
      <UniqueIdentifier>{2AC788B4-1694-E3BF-3FAD-D1672BD9184E}</UniqueIdentifier>
    </Filter>
    <Filter Include="Platform\ImGui">
      <UniqueIdentifier>{D473D893-C041-CC99-A9D5-3CC09542A8FE}</UniqueIdentifier>
    </Filter>
    <Filter Include="Platform\ImGui\OpenGL_glfw">
      <UniqueIdentifier>{77C7BCF7-63D7-68C8-CC90-CDE6B8BF5761}</UniqueIdentifier>
    </Filter>
    <Filter Include="Platform\Windows">
      <UniqueIdentifier>{64FBD71A-50F4-F66C-7926-DCF1657ED678}</UniqueIdentifier>
    </Filter>
  </ItemGroup>
  <ItemGroup>
    <ClInclude Include="src\Cobble.h" />
    <ClInclude Include="src\Cobble\Events\ApplicationEvent.h">
      <Filter>Cobble\Events</Filter>
    </ClInclude>
    <ClInclude Include="src\Cobble\Events\Event.h">
      <Filter>Cobble\Events</Filter>
    </ClInclude>
    <ClInclude Include="src\Cobble\Events\KeyEvent.h">
      <Filter>Cobble\Events</Filter>
    </ClInclude>
    <ClInclude Include="src\Cobble\Events\MouseEvent.h">
      <Filter>Cobble\Events</Filter>
    </ClInclude>
    <ClInclude Include="src\Cobble\Main\Application.h">
      <Filter>Cobble\Main</Filter>
    </ClInclude>
    <ClInclude Include="src\Cobble\Main\Core.h">
      <Filter>Cobble\Main</Filter>
    </ClInclude>
    <ClInclude Include="src\Cobble\Main\EntryPoint.h">
      <Filter>Cobble\Main</Filter>
    </ClInclude>
    <ClInclude Include="src\Cobble\Main\GamepadKeycodes.h">
      <Filter>Cobble\Main</Filter>
    </ClInclude>
    <ClInclude Include="src\Cobble\Main\Input.h">
      <Filter>Cobble\Main</Filter>
    </ClInclude>
    <ClInclude Include="src\Cobble\Main\KeyCodes.h">
      <Filter>Cobble\Main</Filter>
    </ClInclude>
    <ClInclude Include="src\Cobble\Main\Layer.h">
      <Filter>Cobble\Main</Filter>
    </ClInclude>
    <ClInclude Include="src\Cobble\Main\LayerStack.h">
      <Filter>Cobble\Main</Filter>
    </ClInclude>
    <ClInclude Include="src\Cobble\Main\Log.h">
      <Filter>Cobble\Main</Filter>
    </ClInclude>
    <ClInclude Include="src\Cobble\Main\MouseButtonCodes.h">
      <Filter>Cobble\Main</Filter>
    </ClInclude>
    <ClInclude Include="src\Cobble\Main\Window.h">
      <Filter>Cobble\Main</Filter>
    </ClInclude>
    <ClInclude Include="src\Cobble\imGuiLayer\imGuiThemes.h">
      <Filter>Cobble\imGuiLayer</Filter>
    </ClInclude>
    <ClInclude Include="src\Cobble\imGuiLayer\imGuiLayer.h">
      <Filter>Cobble\imGuiLayer</Filter>
    </ClInclude>
    <ClInclude Include="src\Platform\ImGui\OpenGL_glfw\imgui_impl_glfw.h">
      <Filter>Platform\ImGui\OpenGL_glfw</Filter>
    </ClInclude>
    <ClInclude Include="src\Platform\ImGui\OpenGL_glfw\imgui_impl_opengl3.h">
      <Filter>Platform\ImGui\OpenGL_glfw</Filter>
    </ClInclude>
    <ClInclude Include="src\Platform\ImGui\OpenGL_glfw\imgui_load_opengl3.h">
      <Filter>Platform\ImGui\OpenGL_glfw</Filter>
    </ClInclude>
    <ClInclude Include="src\Platform\Windows\WindowsInput.h">
      <Filter>Platform\Windows</Filter>
    </ClInclude>
    <ClInclude Include="src\Platform\Windows\WindowsWindow.h">
      <Filter>Platform\Windows</Filter>
    </ClInclude>
    <ClInclude Include="src\cpch.h" />
  </ItemGroup>
  <ItemGroup>
    <ClCompile Include="src\Cobble\Main\Application.cpp">
      <Filter>Cobble\Main</Filter>
    </ClCompile>
    <ClCompile Include="src\Cobble\Main\Layer.cpp">
      <Filter>Cobble\Main</Filter>
    </ClCompile>
    <ClCompile Include="src\Cobble\Main\LayerStack.cpp">
      <Filter>Cobble\Main</Filter>
    </ClCompile>
    <ClCompile Include="src\Cobble\Main\Log.cpp">
      <Filter>Cobble\Main</Filter>
    </ClCompile>
    <ClCompile Include="src\Cobble\imGuiLayer\imGuiThemes.cpp">
      <Filter>Cobble\imGuiLayer</Filter>
    </ClCompile>
    <ClCompile Include="src\Cobble\imGuiLayer\imGuiLayer.cpp">
      <Filter>Cobble\imGuiLayer</Filter>
    </ClCompile>
    <ClCompile Include="src\Platform\ImGui\OpenGL_glfw\imgui_impl_glfw.cpp">
      <Filter>Platform\ImGui\OpenGL_glfw</Filter>
    </ClCompile>
    <ClCompile Include="src\Platform\ImGui\OpenGL_glfw\imgui_impl_opengl3.cpp">
      <Filter>Platform\ImGui\OpenGL_glfw</Filter>
    </ClCompile>
    <ClCompile Include="src\Platform\Windows\WindowsInput.cpp">
      <Filter>Platform\Windows</Filter>
    </ClCompile>
    <ClCompile Include="src\Platform\Windows\WindowsWindow.cpp">
      <Filter>Platform\Windows</Filter>
    </ClCompile>
    <ClCompile Include="src\cpch.cpp" />
  </ItemGroup>
</Project>