<?xml version="1.0" encoding="utf-8"?>
<Project ToolsVersion="4.0" xmlns="http://schemas.microsoft.com/developer/msbuild/2003">
  <ItemGroup>
    <Filter Include="Cobble">
      <UniqueIdentifier>{2CB338AC-1855-6382-0110-77D6ED50EAD2}</UniqueIdentifier>
    </Filter>
  </ItemGroup>
  <ItemGroup>
    <ClInclude Include="src\Cobble.h" />
    <ClInclude Include="src\Cobble\Application.h">
      <Filter>Cobble</Filter>
    </ClInclude>
    <ClInclude Include="src\Cobble\Core.h">
      <Filter>Cobble</Filter>
    </ClInclude>
    <ClInclude Include="src\Cobble\EntryPoint.h">
      <Filter>Cobble</Filter>
    </ClInclude>
    <ClInclude Include="src\Cobble\Log.h">
      <Filter>Cobble</Filter>
    </ClInclude>
  </ItemGroup>
  <ItemGroup>
    <ClCompile Include="src\Cobble\Application.cpp">
      <Filter>Cobble</Filter>
    </ClCompile>
    <ClCompile Include="src\Cobble\Log.cpp">
      <Filter>Cobble</Filter>
    </ClCompile>
  </ItemGroup>
</Project>